
Microsoft Visual Studio Solution File, Format Version 12.00
# Visual Studio Version 17
VisualStudioVersion = 17.7.33808.371
MinimumVisualStudioVersion = 10.0.40219.1
Project("{8BC9CEB8-8B4A-11D0-8D11-00A0C91BC942}") = "GameEngine", "GameEngine\GameEngine.vcxproj", "{075825FA-736B-4837-B8FF-64BE8587766D}"
EndProject
Global
	GlobalSection(SolutionConfigurationPlatforms) = preSolution
		Debug|x64 = Debug|x64
		Debug|x86 = Debug|x86
		Release|x64 = Release|x64
		Release|x86 = Release|x86
	EndGlobalSection
	GlobalSection(ProjectConfigurationPlatforms) = postSolution
		{075825FA-736B-4837-B8FF-64BE8587766D}.Debug|x64.ActiveCfg = Debug|x64
		{075825FA-736B-4837-B8FF-64BE8587766D}.Debug|x64.Build.0 = Debug|x64
		{075825FA-736B-4837-B8FF-64BE8587766D}.Debug|x86.ActiveCfg = Debug|Win32
		{075825FA-736B-4837-B8FF-64BE8587766D}.Debug|x86.Build.0 = Debug|Win32
		{075825FA-736B-4837-B8FF-64BE8587766D}.Release|x64.ActiveCfg = Release|x64
		{075825FA-736B-4837-B8FF-64BE8587766D}.Release|x64.Build.0 = Release|x64
		{075825FA-736B-4837-B8FF-64BE8587766D}.Release|x86.ActiveCfg = Release|Win32
		{075825FA-736B-4837-B8FF-64BE8587766D}.Release|x86.Build.0 = Release|Win32
	EndGlobalSection
	GlobalSection(SolutionProperties) = preSolution
		HideSolutionNode = FALSE
	EndGlobalSection
	GlobalSection(ExtensibilityGlobals) = postSolution
		SolutionGuid = {67719606-C24D-473E-A647-BE65FA5B85E0}
	EndGlobalSection
EndGlobal
